// !$*UTF8*$!
{
	archiveVersion = 1;
	classes = {
	};
	objectVersion = 55;
	objects = {

/* Begin PBXBuildFile section */
		1102BC81276856330016298F /* RoundViews.swift in Sources */ = {isa = PBXBuildFile; fileRef = 1102BC80276856330016298F /* RoundViews.swift */; };
		1102BC83276860480016298F /* BackgroundView.swift in Sources */ = {isa = PBXBuildFile; fileRef = 1102BC82276860480016298F /* BackgroundView.swift */; };
		1115414F277D498A008861AC /* LeaderboardView.swift in Sources */ = {isa = PBXBuildFile; fileRef = 1115414E277D498A008861AC /* LeaderboardView.swift */; };
		116C949B2761D11A00CB3E2D /* GameLogic.swift in Sources */ = {isa = PBXBuildFile; fileRef = 116C949A2761D11A00CB3E2D /* GameLogic.swift */; };
		117DB0FD2766FFDE00F02A4B /* TextViews.swift in Sources */ = {isa = PBXBuildFile; fileRef = 117DB0FC2766FFDE00F02A4B /* TextViews.swift */; };
		11AE99012759DB3600F14746 /* BullseyeApp.swift in Sources */ = {isa = PBXBuildFile; fileRef = 11AE99002759DB3600F14746 /* BullseyeApp.swift */; };
		11AE99032759DB3600F14746 /* ContentView.swift in Sources */ = {isa = PBXBuildFile; fileRef = 11AE99022759DB3600F14746 /* ContentView.swift */; };
		11AE99052759DB3700F14746 /* Assets.xcassets in Resources */ = {isa = PBXBuildFile; fileRef = 11AE99042759DB3700F14746 /* Assets.xcassets */; };
		11AE99082759DB3700F14746 /* Preview Assets.xcassets in Resources */ = {isa = PBXBuildFile; fileRef = 11AE99072759DB3700F14746 /* Preview Assets.xcassets */; };
		11AE99122759DB3700F14746 /* BullseyeTests.swift in Sources */ = {isa = PBXBuildFile; fileRef = 11AE99112759DB3700F14746 /* BullseyeTests.swift */; };
		11AE991C2759DB3700F14746 /* BullseyeUITests.swift in Sources */ = {isa = PBXBuildFile; fileRef = 11AE991B2759DB3700F14746 /* BullseyeUITests.swift */; };
		11AE991E2759DB3700F14746 /* BullseyeUITestsLaunchTests.swift in Sources */ = {isa = PBXBuildFile; fileRef = 11AE991D2759DB3700F14746 /* BullseyeUITestsLaunchTests.swift */; };
		11ED9361277C110C00FCF40A /* PointsView.swift in Sources */ = {isa = PBXBuildFile; fileRef = 11ED9360277C110C00FCF40A /* PointsView.swift */; };
		11ED9363277CEAF700FCF40A /* Constants.swift in Sources */ = {isa = PBXBuildFile; fileRef = 11ED9362277CEAF700FCF40A /* Constants.swift */; };
/* End PBXBuildFile section */

/* Begin PBXContainerItemProxy section */
		11AE990E2759DB3700F14746 /* PBXContainerItemProxy */ = {
			isa = PBXContainerItemProxy;
			containerPortal = 11AE98F52759DB3600F14746 /* Project object */;
			proxyType = 1;
			remoteGlobalIDString = 11AE98FC2759DB3600F14746;
			remoteInfo = Bullseye;
		};
		11AE99182759DB3700F14746 /* PBXContainerItemProxy */ = {
			isa = PBXContainerItemProxy;
			containerPortal = 11AE98F52759DB3600F14746 /* Project object */;
			proxyType = 1;
			remoteGlobalIDString = 11AE98FC2759DB3600F14746;
			remoteInfo = Bullseye;
		};
/* End PBXContainerItemProxy section */

/* Begin PBXFileReference section */
		1102BC80276856330016298F /* RoundViews.swift */ = {isa = PBXFileReference; lastKnownFileType = sourcecode.swift; path = RoundViews.swift; sourceTree = "<group>"; };
		1102BC82276860480016298F /* BackgroundView.swift */ = {isa = PBXFileReference; lastKnownFileType = sourcecode.swift; path = BackgroundView.swift; sourceTree = "<group>"; };
		1115414E277D498A008861AC /* LeaderboardView.swift */ = {isa = PBXFileReference; lastKnownFileType = sourcecode.swift; path = LeaderboardView.swift; sourceTree = "<group>"; };
		116C949A2761D11A00CB3E2D /* GameLogic.swift */ = {isa = PBXFileReference; lastKnownFileType = sourcecode.swift; path = GameLogic.swift; sourceTree = "<group>"; };
		117DB0FC2766FFDE00F02A4B /* TextViews.swift */ = {isa = PBXFileReference; lastKnownFileType = sourcecode.swift; path = TextViews.swift; sourceTree = "<group>"; };
		11AE98FD2759DB3600F14746 /* Bullseye.app */ = {isa = PBXFileReference; explicitFileType = wrapper.application; includeInIndex = 0; path = Bullseye.app; sourceTree = BUILT_PRODUCTS_DIR; };
		11AE99002759DB3600F14746 /* BullseyeApp.swift */ = {isa = PBXFileReference; lastKnownFileType = sourcecode.swift; path = BullseyeApp.swift; sourceTree = "<group>"; };
		11AE99022759DB3600F14746 /* ContentView.swift */ = {isa = PBXFileReference; lastKnownFileType = sourcecode.swift; path = ContentView.swift; sourceTree = "<group>"; };
		11AE99042759DB3700F14746 /* Assets.xcassets */ = {isa = PBXFileReference; lastKnownFileType = folder.assetcatalog; path = Assets.xcassets; sourceTree = "<group>"; };
		11AE99072759DB3700F14746 /* Preview Assets.xcassets */ = {isa = PBXFileReference; lastKnownFileType = folder.assetcatalog; path = "Preview Assets.xcassets"; sourceTree = "<group>"; };
		11AE990D2759DB3700F14746 /* BullseyeTests.xctest */ = {isa = PBXFileReference; explicitFileType = wrapper.cfbundle; includeInIndex = 0; path = BullseyeTests.xctest; sourceTree = BUILT_PRODUCTS_DIR; };
		11AE99112759DB3700F14746 /* BullseyeTests.swift */ = {isa = PBXFileReference; lastKnownFileType = sourcecode.swift; path = BullseyeTests.swift; sourceTree = "<group>"; };
		11AE99172759DB3700F14746 /* BullseyeUITests.xctest */ = {isa = PBXFileReference; explicitFileType = wrapper.cfbundle; includeInIndex = 0; path = BullseyeUITests.xctest; sourceTree = BUILT_PRODUCTS_DIR; };
		11AE991B2759DB3700F14746 /* BullseyeUITests.swift */ = {isa = PBXFileReference; lastKnownFileType = sourcecode.swift; path = BullseyeUITests.swift; sourceTree = "<group>"; };
		11AE991D2759DB3700F14746 /* BullseyeUITestsLaunchTests.swift */ = {isa = PBXFileReference; lastKnownFileType = sourcecode.swift; path = BullseyeUITestsLaunchTests.swift; sourceTree = "<group>"; };
		11ED9360277C110C00FCF40A /* PointsView.swift */ = {isa = PBXFileReference; lastKnownFileType = sourcecode.swift; path = PointsView.swift; sourceTree = "<group>"; };
		11ED9362277CEAF700FCF40A /* Constants.swift */ = {isa = PBXFileReference; lastKnownFileType = sourcecode.swift; path = Constants.swift; sourceTree = "<group>"; };
/* End PBXFileReference section */

/* Begin PBXFrameworksBuildPhase section */
		11AE98FA2759DB3600F14746 /* Frameworks */ = {
			isa = PBXFrameworksBuildPhase;
			buildActionMask = 2147483647;
			files = (
			);
			runOnlyForDeploymentPostprocessing = 0;
		};
		11AE990A2759DB3700F14746 /* Frameworks */ = {
			isa = PBXFrameworksBuildPhase;
			buildActionMask = 2147483647;
			files = (
			);
			runOnlyForDeploymentPostprocessing = 0;
		};
		11AE99142759DB3700F14746 /* Frameworks */ = {
			isa = PBXFrameworksBuildPhase;
			buildActionMask = 2147483647;
			files = (
			);
			runOnlyForDeploymentPostprocessing = 0;
		};
/* End PBXFrameworksBuildPhase section */

/* Begin PBXGroup section */
		116C94972761CF8100CB3E2D /* Models */ = {
			isa = PBXGroup;
			children = (
				116C949A2761D11A00CB3E2D /* GameLogic.swift */,
				11ED9362277CEAF700FCF40A /* Constants.swift */,
			);
			path = Models;
			sourceTree = "<group>";
		};
		116C94982761CF9300CB3E2D /* Views */ = {
			isa = PBXGroup;
			children = (
				11AE99022759DB3600F14746 /* ContentView.swift */,
				117DB0FC2766FFDE00F02A4B /* TextViews.swift */,
				1102BC80276856330016298F /* RoundViews.swift */,
				1115414E277D498A008861AC /* LeaderboardView.swift */,
				11ED9360277C110C00FCF40A /* PointsView.swift */,
				1102BC82276860480016298F /* BackgroundView.swift */,
			);
			path = Views;
			sourceTree = "<group>";
		};
		116C94992761CFBB00CB3E2D /* Other */ = {
			isa = PBXGroup;
			children = (
				11AE99002759DB3600F14746 /* BullseyeApp.swift */,
				11AE99042759DB3700F14746 /* Assets.xcassets */,
			);
			path = Other;
			sourceTree = "<group>";
		};
		11AE98F42759DB3600F14746 = {
			isa = PBXGroup;
			children = (
				11AE98FF2759DB3600F14746 /* Bullseye */,
				11AE99102759DB3700F14746 /* BullseyeTests */,
				11AE991A2759DB3700F14746 /* BullseyeUITests */,
				11AE98FE2759DB3600F14746 /* Products */,
			);
			sourceTree = "<group>";
		};
		11AE98FE2759DB3600F14746 /* Products */ = {
			isa = PBXGroup;
			children = (
				11AE98FD2759DB3600F14746 /* Bullseye.app */,
				11AE990D2759DB3700F14746 /* BullseyeTests.xctest */,
				11AE99172759DB3700F14746 /* BullseyeUITests.xctest */,
			);
			name = Products;
			sourceTree = "<group>";
		};
		11AE98FF2759DB3600F14746 /* Bullseye */ = {
			isa = PBXGroup;
			children = (
				116C94982761CF9300CB3E2D /* Views */,
				116C94972761CF8100CB3E2D /* Models */,
				116C94992761CFBB00CB3E2D /* Other */,
				11AE99062759DB3700F14746 /* Preview Content */,
			);
			path = Bullseye;
			sourceTree = "<group>";
		};
		11AE99062759DB3700F14746 /* Preview Content */ = {
			isa = PBXGroup;
			children = (
				11AE99072759DB3700F14746 /* Preview Assets.xcassets */,
			);
			path = "Preview Content";
			sourceTree = "<group>";
		};
		11AE99102759DB3700F14746 /* BullseyeTests */ = {
			isa = PBXGroup;
			children = (
				11AE99112759DB3700F14746 /* BullseyeTests.swift */,
			);
			path = BullseyeTests;
			sourceTree = "<group>";
		};
		11AE991A2759DB3700F14746 /* BullseyeUITests */ = {
			isa = PBXGroup;
			children = (
				11AE991B2759DB3700F14746 /* BullseyeUITests.swift */,
				11AE991D2759DB3700F14746 /* BullseyeUITestsLaunchTests.swift */,
			);
			path = BullseyeUITests;
			sourceTree = "<group>";
		};
/* End PBXGroup section */

/* Begin PBXNativeTarget section */
		11AE98FC2759DB3600F14746 /* Bullseye */ = {
			isa = PBXNativeTarget;
			buildConfigurationList = 11AE99212759DB3700F14746 /* Build configuration list for PBXNativeTarget "Bullseye" */;
			buildPhases = (
				11AE98F92759DB3600F14746 /* Sources */,
				11AE98FA2759DB3600F14746 /* Frameworks */,
				11AE98FB2759DB3600F14746 /* Resources */,
			);
			buildRules = (
			);
			dependencies = (
			);
			name = Bullseye;
			productName = Bullseye;
			productReference = 11AE98FD2759DB3600F14746 /* Bullseye.app */;
			productType = "com.apple.product-type.application";
		};
		11AE990C2759DB3700F14746 /* BullseyeTests */ = {
			isa = PBXNativeTarget;
			buildConfigurationList = 11AE99242759DB3700F14746 /* Build configuration list for PBXNativeTarget "BullseyeTests" */;
			buildPhases = (
				11AE99092759DB3700F14746 /* Sources */,
				11AE990A2759DB3700F14746 /* Frameworks */,
				11AE990B2759DB3700F14746 /* Resources */,
			);
			buildRules = (
			);
			dependencies = (
				11AE990F2759DB3700F14746 /* PBXTargetDependency */,
			);
			name = BullseyeTests;
			productName = BullseyeTests;
			productReference = 11AE990D2759DB3700F14746 /* BullseyeTests.xctest */;
			productType = "com.apple.product-type.bundle.unit-test";
		};
		11AE99162759DB3700F14746 /* BullseyeUITests */ = {
			isa = PBXNativeTarget;
			buildConfigurationList = 11AE99272759DB3700F14746 /* Build configuration list for PBXNativeTarget "BullseyeUITests" */;
			buildPhases = (
				11AE99132759DB3700F14746 /* Sources */,
				11AE99142759DB3700F14746 /* Frameworks */,
				11AE99152759DB3700F14746 /* Resources */,
			);
			buildRules = (
			);
			dependencies = (
				11AE99192759DB3700F14746 /* PBXTargetDependency */,
			);
			name = BullseyeUITests;
			productName = BullseyeUITests;
			productReference = 11AE99172759DB3700F14746 /* BullseyeUITests.xctest */;
			productType = "com.apple.product-type.bundle.ui-testing";
		};
/* End PBXNativeTarget section */

/* Begin PBXProject section */
		11AE98F52759DB3600F14746 /* Project object */ = {
			isa = PBXProject;
			attributes = {
				BuildIndependentTargetsInParallel = 1;
				LastSwiftUpdateCheck = 1310;
				LastUpgradeCheck = 1310;
				TargetAttributes = {
					11AE98FC2759DB3600F14746 = {
						CreatedOnToolsVersion = 13.1;
					};
					11AE990C2759DB3700F14746 = {
						CreatedOnToolsVersion = 13.1;
						TestTargetID = 11AE98FC2759DB3600F14746;
					};
					11AE99162759DB3700F14746 = {
						CreatedOnToolsVersion = 13.1;
						TestTargetID = 11AE98FC2759DB3600F14746;
					};
				};
			};
			buildConfigurationList = 11AE98F82759DB3600F14746 /* Build configuration list for PBXProject "Bullseye" */;
			compatibilityVersion = "Xcode 13.0";
			developmentRegion = en;
			hasScannedForEncodings = 0;
			knownRegions = (
				en,
				Base,
			);
			mainGroup = 11AE98F42759DB3600F14746;
			productRefGroup = 11AE98FE2759DB3600F14746 /* Products */;
			projectDirPath = "";
			projectRoot = "";
			targets = (
				11AE98FC2759DB3600F14746 /* Bullseye */,
				11AE990C2759DB3700F14746 /* BullseyeTests */,
				11AE99162759DB3700F14746 /* BullseyeUITests */,
			);
		};
/* End PBXProject section */

/* Begin PBXResourcesBuildPhase section */
		11AE98FB2759DB3600F14746 /* Resources */ = {
			isa = PBXResourcesBuildPhase;
			buildActionMask = 2147483647;
			files = (
				11AE99082759DB3700F14746 /* Preview Assets.xcassets in Resources */,
				11AE99052759DB3700F14746 /* Assets.xcassets in Resources */,
			);
			runOnlyForDeploymentPostprocessing = 0;
		};
		11AE990B2759DB3700F14746 /* Resources */ = {
			isa = PBXResourcesBuildPhase;
			buildActionMask = 2147483647;
			files = (
			);
			runOnlyForDeploymentPostprocessing = 0;
		};
		11AE99152759DB3700F14746 /* Resources */ = {
			isa = PBXResourcesBuildPhase;
			buildActionMask = 2147483647;
			files = (
			);
			runOnlyForDeploymentPostprocessing = 0;
		};
/* End PBXResourcesBuildPhase section */

/* Begin PBXSourcesBuildPhase section */
		11AE98F92759DB3600F14746 /* Sources */ = {
			isa = PBXSourcesBuildPhase;
			buildActionMask = 2147483647;
			files = (
				1102BC83276860480016298F /* BackgroundView.swift in Sources */,
				1102BC81276856330016298F /* RoundViews.swift in Sources */,
				116C949B2761D11A00CB3E2D /* GameLogic.swift in Sources */,
				11ED9363277CEAF700FCF40A /* Constants.swift in Sources */,
				1115414F277D498A008861AC /* LeaderboardView.swift in Sources */,
				117DB0FD2766FFDE00F02A4B /* TextViews.swift in Sources */,
				11ED9361277C110C00FCF40A /* PointsView.swift in Sources */,
				11AE99032759DB3600F14746 /* ContentView.swift in Sources */,
				11AE99012759DB3600F14746 /* BullseyeApp.swift in Sources */,
			);
			runOnlyForDeploymentPostprocessing = 0;
		};
		11AE99092759DB3700F14746 /* Sources */ = {
			isa = PBXSourcesBuildPhase;
			buildActionMask = 2147483647;
			files = (
				11AE99122759DB3700F14746 /* BullseyeTests.swift in Sources */,
			);
			runOnlyForDeploymentPostprocessing = 0;
		};
		11AE99132759DB3700F14746 /* Sources */ = {
			isa = PBXSourcesBuildPhase;
			buildActionMask = 2147483647;
			files = (
				11AE991E2759DB3700F14746 /* BullseyeUITestsLaunchTests.swift in Sources */,
				11AE991C2759DB3700F14746 /* BullseyeUITests.swift in Sources */,
			);
			runOnlyForDeploymentPostprocessing = 0;
		};
/* End PBXSourcesBuildPhase section */

/* Begin PBXTargetDependency section */
		11AE990F2759DB3700F14746 /* PBXTargetDependency */ = {
			isa = PBXTargetDependency;
			target = 11AE98FC2759DB3600F14746 /* Bullseye */;
			targetProxy = 11AE990E2759DB3700F14746 /* PBXContainerItemProxy */;
		};
		11AE99192759DB3700F14746 /* PBXTargetDependency */ = {
			isa = PBXTargetDependency;
			target = 11AE98FC2759DB3600F14746 /* Bullseye */;
			targetProxy = 11AE99182759DB3700F14746 /* PBXContainerItemProxy */;
		};
/* End PBXTargetDependency section */

/* Begin XCBuildConfiguration section */
		11AE991F2759DB3700F14746 /* Debug */ = {
			isa = XCBuildConfiguration;
			buildSettings = {
				ALWAYS_SEARCH_USER_PATHS = NO;
				CLANG_ANALYZER_NONNULL = YES;
				CLANG_ANALYZER_NUMBER_OBJECT_CONVERSION = YES_AGGRESSIVE;
				CLANG_CXX_LANGUAGE_STANDARD = "gnu++17";
				CLANG_CXX_LIBRARY = "libc++";
				CLANG_ENABLE_MODULES = YES;
				CLANG_ENABLE_OBJC_ARC = YES;
				CLANG_ENABLE_OBJC_WEAK = YES;
				CLANG_WARN_BLOCK_CAPTURE_AUTORELEASING = YES;
				CLANG_WARN_BOOL_CONVERSION = YES;
				CLANG_WARN_COMMA = YES;
				CLANG_WARN_CONSTANT_CONVERSION = YES;
				CLANG_WARN_DEPRECATED_OBJC_IMPLEMENTATIONS = YES;
				CLANG_WARN_DIRECT_OBJC_ISA_USAGE = YES_ERROR;
				CLANG_WARN_DOCUMENTATION_COMMENTS = YES;
				CLANG_WARN_EMPTY_BODY = YES;
				CLANG_WARN_ENUM_CONVERSION = YES;
				CLANG_WARN_INFINITE_RECURSION = YES;
				CLANG_WARN_INT_CONVERSION = YES;
				CLANG_WARN_NON_LITERAL_NULL_CONVERSION = YES;
				CLANG_WARN_OBJC_IMPLICIT_RETAIN_SELF = YES;
				CLANG_WARN_OBJC_LITERAL_CONVERSION = YES;
				CLANG_WARN_OBJC_ROOT_CLASS = YES_ERROR;
				CLANG_WARN_QUOTED_INCLUDE_IN_FRAMEWORK_HEADER = YES;
				CLANG_WARN_RANGE_LOOP_ANALYSIS = YES;
				CLANG_WARN_STRICT_PROTOTYPES = YES;
				CLANG_WARN_SUSPICIOUS_MOVE = YES;
				CLANG_WARN_UNGUARDED_AVAILABILITY = YES_AGGRESSIVE;
				CLANG_WARN_UNREACHABLE_CODE = YES;
				CLANG_WARN__DUPLICATE_METHOD_MATCH = YES;
				COPY_PHASE_STRIP = NO;
				DEBUG_INFORMATION_FORMAT = dwarf;
				ENABLE_STRICT_OBJC_MSGSEND = YES;
				ENABLE_TESTABILITY = YES;
				GCC_C_LANGUAGE_STANDARD = gnu11;
				GCC_DYNAMIC_NO_PIC = NO;
				GCC_NO_COMMON_BLOCKS = YES;
				GCC_OPTIMIZATION_LEVEL = 0;
				GCC_PREPROCESSOR_DEFINITIONS = (
					"DEBUG=1",
					"$(inherited)",
				);
				GCC_WARN_64_TO_32_BIT_CONVERSION = YES;
				GCC_WARN_ABOUT_RETURN_TYPE = YES_ERROR;
				GCC_WARN_UNDECLARED_SELECTOR = YES;
				GCC_WARN_UNINITIALIZED_AUTOS = YES_AGGRESSIVE;
				GCC_WARN_UNUSED_FUNCTION = YES;
				GCC_WARN_UNUSED_VARIABLE = YES;
				IPHONEOS_DEPLOYMENT_TARGET = 15.0;
				MTL_ENABLE_DEBUG_INFO = INCLUDE_SOURCE;
				MTL_FAST_MATH = YES;
				ONLY_ACTIVE_ARCH = YES;
				SDKROOT = iphoneos;
				SWIFT_ACTIVE_COMPILATION_CONDITIONS = DEBUG;
				SWIFT_OPTIMIZATION_LEVEL = "-Onone";
			};
			name = Debug;
		};
		11AE99202759DB3700F14746 /* Release */ = {
			isa = XCBuildConfiguration;
			buildSettings = {
				ALWAYS_SEARCH_USER_PATHS = NO;
				CLANG_ANALYZER_NONNULL = YES;
				CLANG_ANALYZER_NUMBER_OBJECT_CONVERSION = YES_AGGRESSIVE;
				CLANG_CXX_LANGUAGE_STANDARD = "gnu++17";
				CLANG_CXX_LIBRARY = "libc++";
				CLANG_ENABLE_MODULES = YES;
				CLANG_ENABLE_OBJC_ARC = YES;
				CLANG_ENABLE_OBJC_WEAK = YES;
				CLANG_WARN_BLOCK_CAPTURE_AUTORELEASING = YES;
				CLANG_WARN_BOOL_CONVERSION = YES;
				CLANG_WARN_COMMA = YES;
				CLANG_WARN_CONSTANT_CONVERSION = YES;
				CLANG_WARN_DEPRECATED_OBJC_IMPLEMENTATIONS = YES;
				CLANG_WARN_DIRECT_OBJC_ISA_USAGE = YES_ERROR;
				CLANG_WARN_DOCUMENTATION_COMMENTS = YES;
				CLANG_WARN_EMPTY_BODY = YES;
				CLANG_WARN_ENUM_CONVERSION = YES;
				CLANG_WARN_INFINITE_RECURSION = YES;
				CLANG_WARN_INT_CONVERSION = YES;
				CLANG_WARN_NON_LITERAL_NULL_CONVERSION = YES;
				CLANG_WARN_OBJC_IMPLICIT_RETAIN_SELF = YES;
				CLANG_WARN_OBJC_LITERAL_CONVERSION = YES;
				CLANG_WARN_OBJC_ROOT_CLASS = YES_ERROR;
				CLANG_WARN_QUOTED_INCLUDE_IN_FRAMEWORK_HEADER = YES;
				CLANG_WARN_RANGE_LOOP_ANALYSIS = YES;
				CLANG_WARN_STRICT_PROTOTYPES = YES;
				CLANG_WARN_SUSPICIOUS_MOVE = YES;
				CLANG_WARN_UNGUARDED_AVAILABILITY = YES_AGGRESSIVE;
				CLANG_WARN_UNREACHABLE_CODE = YES;
				CLANG_WARN__DUPLICATE_METHOD_MATCH = YES;
				COPY_PHASE_STRIP = NO;
				DEBUG_INFORMATION_FORMAT = "dwarf-with-dsym";
				ENABLE_NS_ASSERTIONS = NO;
				ENABLE_STRICT_OBJC_MSGSEND = YES;
				GCC_C_LANGUAGE_STANDARD = gnu11;
				GCC_NO_COMMON_BLOCKS = YES;
				GCC_WARN_64_TO_32_BIT_CONVERSION = YES;
				GCC_WARN_ABOUT_RETURN_TYPE = YES_ERROR;
				GCC_WARN_UNDECLARED_SELECTOR = YES;
				GCC_WARN_UNINITIALIZED_AUTOS = YES_AGGRESSIVE;
				GCC_WARN_UNUSED_FUNCTION = YES;
				GCC_WARN_UNUSED_VARIABLE = YES;
				IPHONEOS_DEPLOYMENT_TARGET = 15.0;
				MTL_ENABLE_DEBUG_INFO = NO;
				MTL_FAST_MATH = YES;
				SDKROOT = iphoneos;
				SWIFT_COMPILATION_MODE = wholemodule;
				SWIFT_OPTIMIZATION_LEVEL = "-O";
				VALIDATE_PRODUCT = YES;
			};
			name = Release;
		};
		11AE99222759DB3700F14746 /* Debug */ = {
			isa = XCBuildConfiguration;
			buildSettings = {
				ASSETCATALOG_COMPILER_APPICON_NAME = AppIcon;
				ASSETCATALOG_COMPILER_GLOBAL_ACCENT_COLOR_NAME = AccentColor;
				CODE_SIGN_STYLE = Automatic;
				CURRENT_PROJECT_VERSION = 1;
				DEVELOPMENT_ASSET_PATHS = "\"Bullseye/Preview Content\"";
				DEVELOPMENT_TEAM = 5QL7KYAF7V;
				ENABLE_PREVIEWS = YES;
				GENERATE_INFOPLIST_FILE = YES;
				INFOPLIST_KEY_UIApplicationSceneManifest_Generation = YES;
				INFOPLIST_KEY_UIApplicationSupportsIndirectInputEvents = YES;
				INFOPLIST_KEY_UILaunchScreen_Generation = YES;
				INFOPLIST_KEY_UISupportedInterfaceOrientations_iPad = "UIInterfaceOrientationPortrait UIInterfaceOrientationPortraitUpsideDown UIInterfaceOrientationLandscapeLeft UIInterfaceOrientationLandscapeRight";
				INFOPLIST_KEY_UISupportedInterfaceOrientations_iPhone = "UIInterfaceOrientationPortrait UIInterfaceOrientationLandscapeLeft UIInterfaceOrientationLandscapeRight";
				LD_RUNPATH_SEARCH_PATHS = (
					"$(inherited)",
					"@executable_path/Frameworks",
				);
				MARKETING_VERSION = 1.0;
				PRODUCT_BUNDLE_IDENTIFIER = Victor.Bullseye;
				PRODUCT_NAME = "$(TARGET_NAME)";
				SWIFT_EMIT_LOC_STRINGS = YES;
				SWIFT_VERSION = 5.0;
				TARGETED_DEVICE_FAMILY = "1,2";
			};
			name = Debug;
		};
		11AE99232759DB3700F14746 /* Release */ = {
			isa = XCBuildConfiguration;
			buildSettings = {
				ASSETCATALOG_COMPILER_APPICON_NAME = AppIcon;
				ASSETCATALOG_COMPILER_GLOBAL_ACCENT_COLOR_NAME = AccentColor;
				CODE_SIGN_STYLE = Automatic;
				CURRENT_PROJECT_VERSION = 1;
				DEVELOPMENT_ASSET_PATHS = "\"Bullseye/Preview Content\"";
				DEVELOPMENT_TEAM = 5QL7KYAF7V;
				ENABLE_PREVIEWS = YES;
				GENERATE_INFOPLIST_FILE = YES;
				INFOPLIST_KEY_UIApplicationSceneManifest_Generation = YES;
				INFOPLIST_KEY_UIApplicationSupportsIndirectInputEvents = YES;
				INFOPLIST_KEY_UILaunchScreen_Generation = YES;
				INFOPLIST_KEY_UISupportedInterfaceOrientations_iPad = "UIInterfaceOrientationPortrait UIInterfaceOrientationPortraitUpsideDown UIInterfaceOrientationLandscapeLeft UIInterfaceOrientationLandscapeRight";
				INFOPLIST_KEY_UISupportedInterfaceOrientations_iPhone = "UIInterfaceOrientationPortrait UIInterfaceOrientationLandscapeLeft UIInterfaceOrientationLandscapeRight";
				LD_RUNPATH_SEARCH_PATHS = (
					"$(inherited)",
					"@executable_path/Frameworks",
				);
				MARKETING_VERSION = 1.0;
				PRODUCT_BUNDLE_IDENTIFIER = Victor.Bullseye;
				PRODUCT_NAME = "$(TARGET_NAME)";
				SWIFT_EMIT_LOC_STRINGS = YES;
				SWIFT_VERSION = 5.0;
				TARGETED_DEVICE_FAMILY = "1,2";
			};
			name = Release;
		};
		11AE99252759DB3700F14746 /* Debug */ = {
			isa = XCBuildConfiguration;
			buildSettings = {
				ALWAYS_EMBED_SWIFT_STANDARD_LIBRARIES = YES;
				BUNDLE_LOADER = "$(TEST_HOST)";
				CODE_SIGN_STYLE = Automatic;
				CURRENT_PROJECT_VERSION = 1;
				DEVELOPMENT_TEAM = 5QL7KYAF7V;
				GENERATE_INFOPLIST_FILE = YES;
				IPHONEOS_DEPLOYMENT_TARGET = 15.0;
				LD_RUNPATH_SEARCH_PATHS = (
					"$(inherited)",
					"@executable_path/Frameworks",
					"@loader_path/Frameworks",
				);
				MARKETING_VERSION = 1.0;
				PRODUCT_BUNDLE_IDENTIFIER = Victor.BullseyeTests;
				PRODUCT_NAME = "$(TARGET_NAME)";
				SWIFT_EMIT_LOC_STRINGS = NO;
				SWIFT_VERSION = 5.0;
				TARGETED_DEVICE_FAMILY = "1,2";
				TEST_HOST = "$(BUILT_PRODUCTS_DIR)/Bullseye.app/Bullseye";
			};
			name = Debug;
		};
		11AE99262759DB3700F14746 /* Release */ = {
			isa = XCBuildConfiguration;
			buildSettings = {
				ALWAYS_EMBED_SWIFT_STANDARD_LIBRARIES = YES;
				BUNDLE_LOADER = "$(TEST_HOST)";
				CODE_SIGN_STYLE = Automatic;
				CURRENT_PROJECT_VERSION = 1;
				DEVELOPMENT_TEAM = 5QL7KYAF7V;
				GENERATE_INFOPLIST_FILE = YES;
				IPHONEOS_DEPLOYMENT_TARGET = 15.0;
				LD_RUNPATH_SEARCH_PATHS = (
					"$(inherited)",
					"@executable_path/Frameworks",
					"@loader_path/Frameworks",
				);
				MARKETING_VERSION = 1.0;
				PRODUCT_BUNDLE_IDENTIFIER = Victor.BullseyeTests;
				PRODUCT_NAME = "$(TARGET_NAME)";
				SWIFT_EMIT_LOC_STRINGS = NO;
				SWIFT_VERSION = 5.0;
				TARGETED_DEVICE_FAMILY = "1,2";
				TEST_HOST = "$(BUILT_PRODUCTS_DIR)/Bullseye.app/Bullseye";
			};
			name = Release;
		};
		11AE99282759DB3700F14746 /* Debug */ = {
			isa = XCBuildConfiguration;
			buildSettings = {
				ALWAYS_EMBED_SWIFT_STANDARD_LIBRARIES = YES;
				CODE_SIGN_STYLE = Automatic;
				CURRENT_PROJECT_VERSION = 1;
				DEVELOPMENT_TEAM = 5QL7KYAF7V;
				GENERATE_INFOPLIST_FILE = YES;
				LD_RUNPATH_SEARCH_PATHS = (
					"$(inherited)",
					"@executable_path/Frameworks",
					"@loader_path/Frameworks",
				);
				MARKETING_VERSION = 1.0;
				PRODUCT_BUNDLE_IDENTIFIER = Victor.BullseyeUITests;
				PRODUCT_NAME = "$(TARGET_NAME)";
				SWIFT_EMIT_LOC_STRINGS = NO;
				SWIFT_VERSION = 5.0;
				TARGETED_DEVICE_FAMILY = "1,2";
				TEST_TARGET_NAME = Bullseye;
			};
			name = Debug;
		};
		11AE99292759DB3700F14746 /* Release */ = {
			isa = XCBuildConfiguration;
			buildSettings = {
				ALWAYS_EMBED_SWIFT_STANDARD_LIBRARIES = YES;
				CODE_SIGN_STYLE = Automatic;
				CURRENT_PROJECT_VERSION = 1;
				DEVELOPMENT_TEAM = 5QL7KYAF7V;
				GENERATE_INFOPLIST_FILE = YES;
				LD_RUNPATH_SEARCH_PATHS = (
					"$(inherited)",
					"@executable_path/Frameworks",
					"@loader_path/Frameworks",
				);
				MARKETING_VERSION = 1.0;
				PRODUCT_BUNDLE_IDENTIFIER = Victor.BullseyeUITests;
				PRODUCT_NAME = "$(TARGET_NAME)";
				SWIFT_EMIT_LOC_STRINGS = NO;
				SWIFT_VERSION = 5.0;
				TARGETED_DEVICE_FAMILY = "1,2";
				TEST_TARGET_NAME = Bullseye;
			};
			name = Release;
		};
/* End XCBuildConfiguration section */

/* Begin XCConfigurationList section */
		11AE98F82759DB3600F14746 /* Build configuration list for PBXProject "Bullseye" */ = {
			isa = XCConfigurationList;
			buildConfigurations = (
				11AE991F2759DB3700F14746 /* Debug */,
				11AE99202759DB3700F14746 /* Release */,
			);
			defaultConfigurationIsVisible = 0;
			defaultConfigurationName = Release;
		};
		11AE99212759DB3700F14746 /* Build configuration list for PBXNativeTarget "Bullseye" */ = {
			isa = XCConfigurationList;
			buildConfigurations = (
				11AE99222759DB3700F14746 /* Debug */,
				11AE99232759DB3700F14746 /* Release */,
			);
			defaultConfigurationIsVisible = 0;
			defaultConfigurationName = Release;
		};
		11AE99242759DB3700F14746 /* Build configuration list for PBXNativeTarget "BullseyeTests" */ = {
			isa = XCConfigurationList;
			buildConfigurations = (
				11AE99252759DB3700F14746 /* Debug */,
				11AE99262759DB3700F14746 /* Release */,
			);
			defaultConfigurationIsVisible = 0;
			defaultConfigurationName = Release;
		};
		11AE99272759DB3700F14746 /* Build configuration list for PBXNativeTarget "BullseyeUITests" */ = {
			isa = XCConfigurationList;
			buildConfigurations = (
				11AE99282759DB3700F14746 /* Debug */,
				11AE99292759DB3700F14746 /* Release */,
			);
			defaultConfigurationIsVisible = 0;
			defaultConfigurationName = Release;
		};
/* End XCConfigurationList section */
	};
	rootObject = 11AE98F52759DB3600F14746 /* Project object */;
}
